
Microsoft Visual Studio Solution File, Format Version 12.00
# Visual Studio Version 17
VisualStudioVersion = 17.11.35327.3
MinimumVisualStudioVersion = 10.0.40219.1
Project("{FAE04EC0-301F-11D3-BF4B-00C04F79EFBC}") = "ISNP001724_Bloque1", "ISNP001724_Bloque1\ISNP001724_Bloque1.csproj", "{A2F53B35-3F5E-4E4A-A6ED-E72B889CB68C}"
EndProject
Global
	GlobalSection(SolutionConfigurationPlatforms) = preSolution
		Debug|Any CPU = Debug|Any CPU
		Release|Any CPU = Release|Any CPU
	EndGlobalSection
	GlobalSection(ProjectConfigurationPlatforms) = postSolution
		{A2F53B35-3F5E-4E4A-A6ED-E72B889CB68C}.Debug|Any CPU.ActiveCfg = Debug|Any CPU
		{A2F53B35-3F5E-4E4A-A6ED-E72B889CB68C}.Debug|Any CPU.Build.0 = Debug|Any CPU
		{A2F53B35-3F5E-4E4A-A6ED-E72B889CB68C}.Release|Any CPU.ActiveCfg = Release|Any CPU
		{A2F53B35-3F5E-4E4A-A6ED-E72B889CB68C}.Release|Any CPU.Build.0 = Release|Any CPU
	EndGlobalSection
	GlobalSection(SolutionProperties) = preSolution
		HideSolutionNode = FALSE
	EndGlobalSection
	GlobalSection(ExtensibilityGlobals) = postSolution
		SolutionGuid = {C02BB9B0-0215-48D4-8C5A-0F9C1EF4D104}
	EndGlobalSection
EndGlobal
